
Microsoft Visual Studio Solution File, Format Version 12.00
# Visual Studio Version 16
VisualStudioVersion = 16.0.29230.47
MinimumVisualStudioVersion = 10.0.40219.1
Project("{F184B08F-C81C-45F6-A57F-5ABD9991F28F}") = "MysteryPrizes", "MysteryPrizes.vbproj", "{6C570B33-565B-454B-B7F8-043B3CDE411C}"
EndProject
Global
	GlobalSection(SolutionConfigurationPlatforms) = preSolution
		Debug|Any CPU = Debug|Any CPU
		Release|Any CPU = Release|Any CPU
	EndGlobalSection
	GlobalSection(ProjectConfigurationPlatforms) = postSolution
		{6C570B33-565B-454B-B7F8-043B3CDE411C}.Debug|Any CPU.ActiveCfg = Debug|Any CPU
		{6C570B33-565B-454B-B7F8-043B3CDE411C}.Debug|Any CPU.Build.0 = Debug|Any CPU
		{6C570B33-565B-454B-B7F8-043B3CDE411C}.Release|Any CPU.ActiveCfg = Release|Any CPU
		{6C570B33-565B-454B-B7F8-043B3CDE411C}.Release|Any CPU.Build.0 = Release|Any CPU
	EndGlobalSection
	GlobalSection(SolutionProperties) = preSolution
		HideSolutionNode = FALSE
	EndGlobalSection
	GlobalSection(ExtensibilityGlobals) = postSolution
		SolutionGuid = {48DCFE71-7DB2-4AC0-B97E-02102087D070}
	EndGlobalSection
EndGlobal
